
Microsoft Visual Studio Solution File, Format Version 12.00
# Visual Studio Version 17
VisualStudioVersion = 17.8.34316.72
MinimumVisualStudioVersion = 10.0.40219.1
Project("{FAE04EC0-301F-11D3-BF4B-00C04F79EFBC}") = "TestSR.API", "TestSR.API\TestSR.API.csproj", "{8439D0E5-74DB-47D9-8FDC-AC9734D18232}"
EndProject
Project("{FAE04EC0-301F-11D3-BF4B-00C04F79EFBC}") = "TestSR.MAUI", "TestSR.MAUI\TestSR.MAUI.csproj", "{142AD140-1DB3-4EF5-BC8D-7AF9811034F7}"
EndProject
Global
	GlobalSection(SolutionConfigurationPlatforms) = preSolution
		Debug|Any CPU = Debug|Any CPU
		Release|Any CPU = Release|Any CPU
	EndGlobalSection
	GlobalSection(ProjectConfigurationPlatforms) = postSolution
		{8439D0E5-74DB-47D9-8FDC-AC9734D18232}.Debug|Any CPU.ActiveCfg = Debug|Any CPU
		{8439D0E5-74DB-47D9-8FDC-AC9734D18232}.Debug|Any CPU.Build.0 = Debug|Any CPU
		{8439D0E5-74DB-47D9-8FDC-AC9734D18232}.Release|Any CPU.ActiveCfg = Release|Any CPU
		{8439D0E5-74DB-47D9-8FDC-AC9734D18232}.Release|Any CPU.Build.0 = Release|Any CPU
		{142AD140-1DB3-4EF5-BC8D-7AF9811034F7}.Debug|Any CPU.ActiveCfg = Debug|Any CPU
		{142AD140-1DB3-4EF5-BC8D-7AF9811034F7}.Debug|Any CPU.Build.0 = Debug|Any CPU
		{142AD140-1DB3-4EF5-BC8D-7AF9811034F7}.Debug|Any CPU.Deploy.0 = Debug|Any CPU
		{142AD140-1DB3-4EF5-BC8D-7AF9811034F7}.Release|Any CPU.ActiveCfg = Release|Any CPU
		{142AD140-1DB3-4EF5-BC8D-7AF9811034F7}.Release|Any CPU.Build.0 = Release|Any CPU
		{142AD140-1DB3-4EF5-BC8D-7AF9811034F7}.Release|Any CPU.Deploy.0 = Release|Any CPU
	EndGlobalSection
	GlobalSection(SolutionProperties) = preSolution
		HideSolutionNode = FALSE
	EndGlobalSection
	GlobalSection(ExtensibilityGlobals) = postSolution
		SolutionGuid = {F0902D75-2E5B-49E9-9DF1-31EB4103030F}
	EndGlobalSection
EndGlobal
